
Microsoft Visual Studio Solution File, Format Version 12.00
# Visual Studio Version 16
VisualStudioVersion = 16.0.30204.135
MinimumVisualStudioVersion = 10.0.40219.1
Project("{8BC9CEB8-8B4A-11D0-8D11-00A0C91BC942}") = "ROBIOT_SIMU", "ROBIOT_SIMU.vcxproj", "{C17807CB-3346-4821-A125-CC3F0FC8AE71}"
EndProject
Global
	GlobalSection(SolutionConfigurationPlatforms) = preSolution
		Debug|x64 = Debug|x64
		Debug|x86 = Debug|x86
		Release|x64 = Release|x64
		Release|x86 = Release|x86
	EndGlobalSection
	GlobalSection(ProjectConfigurationPlatforms) = postSolution
		{C17807CB-3346-4821-A125-CC3F0FC8AE71}.Debug|x64.ActiveCfg = Debug|x64
		{C17807CB-3346-4821-A125-CC3F0FC8AE71}.Debug|x64.Build.0 = Debug|x64
		{C17807CB-3346-4821-A125-CC3F0FC8AE71}.Debug|x86.ActiveCfg = Debug|Win32
		{C17807CB-3346-4821-A125-CC3F0FC8AE71}.Debug|x86.Build.0 = Debug|Win32
		{C17807CB-3346-4821-A125-CC3F0FC8AE71}.Release|x64.ActiveCfg = Release|x64
		{C17807CB-3346-4821-A125-CC3F0FC8AE71}.Release|x64.Build.0 = Release|x64
		{C17807CB-3346-4821-A125-CC3F0FC8AE71}.Release|x86.ActiveCfg = Release|Win32
		{C17807CB-3346-4821-A125-CC3F0FC8AE71}.Release|x86.Build.0 = Release|Win32
	EndGlobalSection
	GlobalSection(SolutionProperties) = preSolution
		HideSolutionNode = FALSE
	EndGlobalSection
	GlobalSection(ExtensibilityGlobals) = postSolution
		SolutionGuid = {76C93607-2D8B-4B5C-BE8E-B5913A67A481}
	EndGlobalSection
EndGlobal
